
Microsoft Visual Studio Solution File, Format Version 12.00
# Visual Studio 15
VisualStudioVersion = 15.0.27004.2002
MinimumVisualStudioVersion = 10.0.40219.1
Project("{FAE04EC0-301F-11D3-BF4B-00C04F79EFBC}") = "PIMS", "PIMS\PIMS.csproj", "{6367A35E-7190-4E68-840A-9D06261F373A}"
EndProject
Global
	GlobalSection(SolutionConfigurationPlatforms) = preSolution
		Debug|Any CPU = Debug|Any CPU
		Release|Any CPU = Release|Any CPU
	EndGlobalSection
	GlobalSection(ProjectConfigurationPlatforms) = postSolution
		{6367A35E-7190-4E68-840A-9D06261F373A}.Debug|Any CPU.ActiveCfg = Debug|Any CPU
		{6367A35E-7190-4E68-840A-9D06261F373A}.Debug|Any CPU.Build.0 = Debug|Any CPU
		{6367A35E-7190-4E68-840A-9D06261F373A}.Release|Any CPU.ActiveCfg = Release|Any CPU
		{6367A35E-7190-4E68-840A-9D06261F373A}.Release|Any CPU.Build.0 = Release|Any CPU
	EndGlobalSection
	GlobalSection(SolutionProperties) = preSolution
		HideSolutionNode = FALSE
	EndGlobalSection
	GlobalSection(ExtensibilityGlobals) = postSolution
		SolutionGuid = {7B0439ED-EDF5-4DF2-9D96-4739997D9C84}
	EndGlobalSection
EndGlobal
